
Microsoft Visual Studio Solution File, Format Version 12.00
# Visual Studio 15
VisualStudioVersion = 15.0.28307.1022
MinimumVisualStudioVersion = 10.0.40219.1
Project("{FAE04EC0-301F-11D3-BF4B-00C04F79EFBC}") = "OLX_Course", "OLX_Course\OLX_Course.csproj", "{F3B871E0-FA6B-476E-8A59-F939C45F6AE0}"
EndProject
Global
	GlobalSection(SolutionConfigurationPlatforms) = preSolution
		Debug|Any CPU = Debug|Any CPU
		Release|Any CPU = Release|Any CPU
	EndGlobalSection
	GlobalSection(ProjectConfigurationPlatforms) = postSolution
		{F3B871E0-FA6B-476E-8A59-F939C45F6AE0}.Debug|Any CPU.ActiveCfg = Debug|Any CPU
		{F3B871E0-FA6B-476E-8A59-F939C45F6AE0}.Debug|Any CPU.Build.0 = Debug|Any CPU
		{F3B871E0-FA6B-476E-8A59-F939C45F6AE0}.Release|Any CPU.ActiveCfg = Release|Any CPU
		{F3B871E0-FA6B-476E-8A59-F939C45F6AE0}.Release|Any CPU.Build.0 = Release|Any CPU
	EndGlobalSection
	GlobalSection(SolutionProperties) = preSolution
		HideSolutionNode = FALSE
	EndGlobalSection
	GlobalSection(ExtensibilityGlobals) = postSolution
		SolutionGuid = {30F869DD-3EA9-40B1-B802-144FDEFFDA8D}
	EndGlobalSection
EndGlobal
